
Microsoft Visual Studio Solution File, Format Version 12.00
# Visual Studio Version 16
VisualStudioVersion = 25.0.1704.4
MinimumVisualStudioVersion = 10.0.40219.1
Project("{FAE04EC0-301F-11D3-BF4B-00C04F79EFBC}") = "ApiValidators", "ApiValidators\ApiValidators.csproj", "{1F7482A2-A625-4374-95E6-7DD1DE7366F0}"
EndProject
Global
	GlobalSection(SolutionConfigurationPlatforms) = preSolution
		Debug|Any CPU = Debug|Any CPU
		Release|Any CPU = Release|Any CPU
	EndGlobalSection
	GlobalSection(ProjectConfigurationPlatforms) = postSolution
		{1F7482A2-A625-4374-95E6-7DD1DE7366F0}.Debug|Any CPU.ActiveCfg = Debug|Any CPU
		{1F7482A2-A625-4374-95E6-7DD1DE7366F0}.Debug|Any CPU.Build.0 = Debug|Any CPU
		{1F7482A2-A625-4374-95E6-7DD1DE7366F0}.Release|Any CPU.ActiveCfg = Release|Any CPU
		{1F7482A2-A625-4374-95E6-7DD1DE7366F0}.Release|Any CPU.Build.0 = Release|Any CPU
	EndGlobalSection
	GlobalSection(SolutionProperties) = preSolution
		HideSolutionNode = FALSE
	EndGlobalSection
	GlobalSection(ExtensibilityGlobals) = postSolution
		SolutionGuid = {4C3327E9-9EDD-4890-AAC6-B67604B28806}
	EndGlobalSection
EndGlobal
